
Microsoft Visual Studio Solution File, Format Version 12.00
# Visual Studio Version 17
VisualStudioVersion = 17.2.32505.173
MinimumVisualStudioVersion = 10.0.40219.1
Project("{FAE04EC0-301F-11D3-BF4B-00C04F79EFBC}") = "ProjectMaelstrom", "ProjectMaelstrom\ProjectMaelstrom.csproj", "{06B5A355-14A4-497B-A03D-511314E04B24}"
EndProject
Global
	GlobalSection(SolutionConfigurationPlatforms) = preSolution
		Debug|Any CPU = Debug|Any CPU
		Release|Any CPU = Release|Any CPU
	EndGlobalSection
	GlobalSection(ProjectConfigurationPlatforms) = postSolution
		{06B5A355-14A4-497B-A03D-511314E04B24}.Debug|Any CPU.ActiveCfg = Debug|Any CPU
		{06B5A355-14A4-497B-A03D-511314E04B24}.Debug|Any CPU.Build.0 = Debug|Any CPU
		{06B5A355-14A4-497B-A03D-511314E04B24}.Release|Any CPU.ActiveCfg = Release|Any CPU
		{06B5A355-14A4-497B-A03D-511314E04B24}.Release|Any CPU.Build.0 = Release|Any CPU
	EndGlobalSection
	GlobalSection(SolutionProperties) = preSolution
		HideSolutionNode = FALSE
	EndGlobalSection
	GlobalSection(ExtensibilityGlobals) = postSolution
		SolutionGuid = {5AFB405A-007A-4CDD-84C7-B002EB234F7A}
	EndGlobalSection
EndGlobal
